
Microsoft Visual Studio Solution File, Format Version 12.00
# Visual Studio Version 17
VisualStudioVersion = 17.11.35222.181
MinimumVisualStudioVersion = 10.0.40219.1
Project("{FAE04EC0-301F-11D3-BF4B-00C04F79EFBC}") = "4.1", "4.1\4.1.csproj", "{045E7B2F-FB7D-49F6-BC94-ED9692BF137C}"
EndProject
Global
	GlobalSection(SolutionConfigurationPlatforms) = preSolution
		Debug|Any CPU = Debug|Any CPU
		Release|Any CPU = Release|Any CPU
	EndGlobalSection
	GlobalSection(ProjectConfigurationPlatforms) = postSolution
		{045E7B2F-FB7D-49F6-BC94-ED9692BF137C}.Debug|Any CPU.ActiveCfg = Debug|Any CPU
		{045E7B2F-FB7D-49F6-BC94-ED9692BF137C}.Debug|Any CPU.Build.0 = Debug|Any CPU
		{045E7B2F-FB7D-49F6-BC94-ED9692BF137C}.Release|Any CPU.ActiveCfg = Release|Any CPU
		{045E7B2F-FB7D-49F6-BC94-ED9692BF137C}.Release|Any CPU.Build.0 = Release|Any CPU
	EndGlobalSection
	GlobalSection(SolutionProperties) = preSolution
		HideSolutionNode = FALSE
	EndGlobalSection
	GlobalSection(ExtensibilityGlobals) = postSolution
		SolutionGuid = {268294F3-5646-4839-A301-48C64699FB27}
	EndGlobalSection
EndGlobal
